
Microsoft Visual Studio Solution File, Format Version 12.00
# Visual Studio Version 16
VisualStudioVersion = 16.0.31409.214
MinimumVisualStudioVersion = 10.0.40219.1
Project("{9A19103F-16F7-4668-BE54-9A1E7A4F7556}") = "CodeChallenge", "CodeChallenge\CodeChallenge.csproj", "{C60566B7-D25E-4EED-8992-F813DE3D97BF}"
EndProject
Project("{9A19103F-16F7-4668-BE54-9A1E7A4F7556}") = "Tests", "Tests\Tests.csproj", "{A468EDF0-ED1D-42DB-80A6-7AA29ACECA50}"
EndProject
Project("{2150E333-8FDC-42A3-9474-1A3956D46DE8}") = "Solution Items", "Solution Items", "{E33B5C24-2F3A-4AD0-864B-EC8B10793490}"
	ProjectSection(SolutionItems) = preProject
		Readme.txt = Readme.txt
	EndProjectSection
EndProject
Global
	GlobalSection(SolutionConfigurationPlatforms) = preSolution
		Debug|Any CPU = Debug|Any CPU
		Release|Any CPU = Release|Any CPU
	EndGlobalSection
	GlobalSection(ProjectConfigurationPlatforms) = postSolution
		{C60566B7-D25E-4EED-8992-F813DE3D97BF}.Debug|Any CPU.ActiveCfg = Debug|Any CPU
		{C60566B7-D25E-4EED-8992-F813DE3D97BF}.Debug|Any CPU.Build.0 = Debug|Any CPU
		{C60566B7-D25E-4EED-8992-F813DE3D97BF}.Release|Any CPU.ActiveCfg = Release|Any CPU
		{C60566B7-D25E-4EED-8992-F813DE3D97BF}.Release|Any CPU.Build.0 = Release|Any CPU
		{A468EDF0-ED1D-42DB-80A6-7AA29ACECA50}.Debug|Any CPU.ActiveCfg = Debug|Any CPU
		{A468EDF0-ED1D-42DB-80A6-7AA29ACECA50}.Debug|Any CPU.Build.0 = Debug|Any CPU
		{A468EDF0-ED1D-42DB-80A6-7AA29ACECA50}.Release|Any CPU.ActiveCfg = Release|Any CPU
		{A468EDF0-ED1D-42DB-80A6-7AA29ACECA50}.Release|Any CPU.Build.0 = Release|Any CPU
	EndGlobalSection
	GlobalSection(SolutionProperties) = preSolution
		HideSolutionNode = FALSE
	EndGlobalSection
	GlobalSection(ExtensibilityGlobals) = postSolution
		SolutionGuid = {EEFE7C06-53B2-475F-AEBA-BD80C3DB38CE}
	EndGlobalSection
EndGlobal
